// !$*UTF8*$!
{
	archiveVersion = 1;
	classes = {
	};
	objectVersion = 48;
	objects = {

/* Begin PBXBuildFile section */
		B009A9191FB40D110099D8F3 /* ItemStore.swift in Sources */ = {isa = PBXBuildFile; fileRef = B009A9181FB40D110099D8F3 /* ItemStore.swift */; };
		B064D1732001590000B05362 /* BorderedTextField.swift in Sources */ = {isa = PBXBuildFile; fileRef = B064D1722001590000B05362 /* BorderedTextField.swift */; };
		B0860C911FB2ABBF00F556F4 /* AppDelegate.swift in Sources */ = {isa = PBXBuildFile; fileRef = B0860C901FB2ABBF00F556F4 /* AppDelegate.swift */; };
		B0860C961FB2ABBF00F556F4 /* Main.storyboard in Resources */ = {isa = PBXBuildFile; fileRef = B0860C941FB2ABBF00F556F4 /* Main.storyboard */; };
		B0860C981FB2ABBF00F556F4 /* Assets.xcassets in Resources */ = {isa = PBXBuildFile; fileRef = B0860C971FB2ABBF00F556F4 /* Assets.xcassets */; };
		B0860C9B1FB2ABBF00F556F4 /* LaunchScreen.storyboard in Resources */ = {isa = PBXBuildFile; fileRef = B0860C991FB2ABBF00F556F4 /* LaunchScreen.storyboard */; };
		B0860CA61FB2ABBF00F556F4 /* HomepwnerTests.swift in Sources */ = {isa = PBXBuildFile; fileRef = B0860CA51FB2ABBF00F556F4 /* HomepwnerTests.swift */; };
		B0860CB11FB2ABBF00F556F4 /* HomepwnerUITests.swift in Sources */ = {isa = PBXBuildFile; fileRef = B0860CB01FB2ABBF00F556F4 /* HomepwnerUITests.swift */; };
		B0860CBF1FB2ADDF00F556F4 /* ItemsViewController.swift in Sources */ = {isa = PBXBuildFile; fileRef = B0860CBE1FB2ADDF00F556F4 /* ItemsViewController.swift */; };
		B0860CC11FB2AEB200F556F4 /* Item.swift in Sources */ = {isa = PBXBuildFile; fileRef = B0860CC01FB2AEB200F556F4 /* Item.swift */; };
		B0B473601FDF63320085108C /* DetailViewController.swift in Sources */ = {isa = PBXBuildFile; fileRef = B0B4735F1FDF63320085108C /* DetailViewController.swift */; };
		B0C6BB861FC6626800D33F50 /* ItemCell.swift in Sources */ = {isa = PBXBuildFile; fileRef = B0C6BB851FC6626800D33F50 /* ItemCell.swift */; };
/* End PBXBuildFile section */

/* Begin PBXContainerItemProxy section */
		B0860CA21FB2ABBF00F556F4 /* PBXContainerItemProxy */ = {
			isa = PBXContainerItemProxy;
			containerPortal = B0860C851FB2ABBF00F556F4 /* Project object */;
			proxyType = 1;
			remoteGlobalIDString = B0860C8C1FB2ABBF00F556F4;
			remoteInfo = Homepwner;
		};
		B0860CAD1FB2ABBF00F556F4 /* PBXContainerItemProxy */ = {
			isa = PBXContainerItemProxy;
			containerPortal = B0860C851FB2ABBF00F556F4 /* Project object */;
			proxyType = 1;
			remoteGlobalIDString = B0860C8C1FB2ABBF00F556F4;
			remoteInfo = Homepwner;
		};
/* End PBXContainerItemProxy section */

/* Begin PBXFileReference section */
		B009A9181FB40D110099D8F3 /* ItemStore.swift */ = {isa = PBXFileReference; lastKnownFileType = sourcecode.swift; path = ItemStore.swift; sourceTree = "<group>"; };
		B064D1722001590000B05362 /* BorderedTextField.swift */ = {isa = PBXFileReference; lastKnownFileType = sourcecode.swift; path = BorderedTextField.swift; sourceTree = "<group>"; };
		B0860C8D1FB2ABBF00F556F4 /* Homepwner.app */ = {isa = PBXFileReference; explicitFileType = wrapper.application; includeInIndex = 0; path = Homepwner.app; sourceTree = BUILT_PRODUCTS_DIR; };
		B0860C901FB2ABBF00F556F4 /* AppDelegate.swift */ = {isa = PBXFileReference; lastKnownFileType = sourcecode.swift; path = AppDelegate.swift; sourceTree = "<group>"; };
		B0860C951FB2ABBF00F556F4 /* Base */ = {isa = PBXFileReference; lastKnownFileType = file.storyboard; name = Base; path = Base.lproj/Main.storyboard; sourceTree = "<group>"; };
		B0860C971FB2ABBF00F556F4 /* Assets.xcassets */ = {isa = PBXFileReference; lastKnownFileType = folder.assetcatalog; path = Assets.xcassets; sourceTree = "<group>"; };
		B0860C9A1FB2ABBF00F556F4 /* Base */ = {isa = PBXFileReference; lastKnownFileType = file.storyboard; name = Base; path = Base.lproj/LaunchScreen.storyboard; sourceTree = "<group>"; };
		B0860C9C1FB2ABBF00F556F4 /* Info.plist */ = {isa = PBXFileReference; lastKnownFileType = text.plist.xml; path = Info.plist; sourceTree = "<group>"; };
		B0860CA11FB2ABBF00F556F4 /* HomepwnerTests.xctest */ = {isa = PBXFileReference; explicitFileType = wrapper.cfbundle; includeInIndex = 0; path = HomepwnerTests.xctest; sourceTree = BUILT_PRODUCTS_DIR; };
		B0860CA51FB2ABBF00F556F4 /* HomepwnerTests.swift */ = {isa = PBXFileReference; lastKnownFileType = sourcecode.swift; path = HomepwnerTests.swift; sourceTree = "<group>"; };
		B0860CA71FB2ABBF00F556F4 /* Info.plist */ = {isa = PBXFileReference; lastKnownFileType = text.plist.xml; path = Info.plist; sourceTree = "<group>"; };
		B0860CAC1FB2ABBF00F556F4 /* HomepwnerUITests.xctest */ = {isa = PBXFileReference; explicitFileType = wrapper.cfbundle; includeInIndex = 0; path = HomepwnerUITests.xctest; sourceTree = BUILT_PRODUCTS_DIR; };
		B0860CB01FB2ABBF00F556F4 /* HomepwnerUITests.swift */ = {isa = PBXFileReference; lastKnownFileType = sourcecode.swift; path = HomepwnerUITests.swift; sourceTree = "<group>"; };
		B0860CB21FB2ABBF00F556F4 /* Info.plist */ = {isa = PBXFileReference; lastKnownFileType = text.plist.xml; path = Info.plist; sourceTree = "<group>"; };
		B0860CBE1FB2ADDF00F556F4 /* ItemsViewController.swift */ = {isa = PBXFileReference; lastKnownFileType = sourcecode.swift; path = ItemsViewController.swift; sourceTree = "<group>"; };
		B0860CC01FB2AEB200F556F4 /* Item.swift */ = {isa = PBXFileReference; lastKnownFileType = sourcecode.swift; path = Item.swift; sourceTree = "<group>"; };
		B0B4735F1FDF63320085108C /* DetailViewController.swift */ = {isa = PBXFileReference; lastKnownFileType = sourcecode.swift; path = DetailViewController.swift; sourceTree = "<group>"; };
		B0C6BB851FC6626800D33F50 /* ItemCell.swift */ = {isa = PBXFileReference; lastKnownFileType = sourcecode.swift; path = ItemCell.swift; sourceTree = "<group>"; };
/* End PBXFileReference section */

/* Begin PBXFrameworksBuildPhase section */
		B0860C8A1FB2ABBF00F556F4 /* Frameworks */ = {
			isa = PBXFrameworksBuildPhase;
			buildActionMask = 2147483647;
			files = (
			);
			runOnlyForDeploymentPostprocessing = 0;
		};
		B0860C9E1FB2ABBF00F556F4 /* Frameworks */ = {
			isa = PBXFrameworksBuildPhase;
			buildActionMask = 2147483647;
			files = (
			);
			runOnlyForDeploymentPostprocessing = 0;
		};
		B0860CA91FB2ABBF00F556F4 /* Frameworks */ = {
			isa = PBXFrameworksBuildPhase;
			buildActionMask = 2147483647;
			files = (
			);
			runOnlyForDeploymentPostprocessing = 0;
		};
/* End PBXFrameworksBuildPhase section */

/* Begin PBXGroup section */
		B064D1752001595F00B05362 /* Interface Builder */ = {
			isa = PBXGroup;
			children = (
				B0860C941FB2ABBF00F556F4 /* Main.storyboard */,
			);
			path = "Interface Builder";
			sourceTree = "<group>";
		};
		B06B46EE1FB560D900B2C28F /* Views */ = {
			isa = PBXGroup;
			children = (
				B0C6BB851FC6626800D33F50 /* ItemCell.swift */,
				B064D1722001590000B05362 /* BorderedTextField.swift */,
				B064D1752001595F00B05362 /* Interface Builder */,
			);
			path = Views;
			sourceTree = "<group>";
		};
		B0860C841FB2ABBF00F556F4 = {
			isa = PBXGroup;
			children = (
				B0860C8F1FB2ABBF00F556F4 /* Homepwner */,
				B0860CA41FB2ABBF00F556F4 /* HomepwnerTests */,
				B0860CAF1FB2ABBF00F556F4 /* HomepwnerUITests */,
				B0860C8E1FB2ABBF00F556F4 /* Products */,
			);
			sourceTree = "<group>";
		};
		B0860C8E1FB2ABBF00F556F4 /* Products */ = {
			isa = PBXGroup;
			children = (
				B0860C8D1FB2ABBF00F556F4 /* Homepwner.app */,
				B0860CA11FB2ABBF00F556F4 /* HomepwnerTests.xctest */,
				B0860CAC1FB2ABBF00F556F4 /* HomepwnerUITests.xctest */,
			);
			name = Products;
			sourceTree = "<group>";
		};
		B0860C8F1FB2ABBF00F556F4 /* Homepwner */ = {
			isa = PBXGroup;
			children = (
				B0860C901FB2ABBF00F556F4 /* AppDelegate.swift */,
				B0860CC21FB2AEC400F556F4 /* ViewControllers */,
				B0860CC31FB2AEEA00F556F4 /* Models */,
				B06B46EE1FB560D900B2C28F /* Views */,
				B0860C971FB2ABBF00F556F4 /* Assets.xcassets */,
				B0860C991FB2ABBF00F556F4 /* LaunchScreen.storyboard */,
				B0860C9C1FB2ABBF00F556F4 /* Info.plist */,
			);
			path = Homepwner;
			sourceTree = "<group>";
		};
		B0860CA41FB2ABBF00F556F4 /* HomepwnerTests */ = {
			isa = PBXGroup;
			children = (
				B0860CA51FB2ABBF00F556F4 /* HomepwnerTests.swift */,
				B0860CA71FB2ABBF00F556F4 /* Info.plist */,
			);
			path = HomepwnerTests;
			sourceTree = "<group>";
		};
		B0860CAF1FB2ABBF00F556F4 /* HomepwnerUITests */ = {
			isa = PBXGroup;
			children = (
				B0860CB01FB2ABBF00F556F4 /* HomepwnerUITests.swift */,
				B0860CB21FB2ABBF00F556F4 /* Info.plist */,
			);
			path = HomepwnerUITests;
			sourceTree = "<group>";
		};
		B0860CC21FB2AEC400F556F4 /* ViewControllers */ = {
			isa = PBXGroup;
			children = (
				B0860CBE1FB2ADDF00F556F4 /* ItemsViewController.swift */,
				B0B4735F1FDF63320085108C /* DetailViewController.swift */,
			);
			path = ViewControllers;
			sourceTree = "<group>";
		};
		B0860CC31FB2AEEA00F556F4 /* Models */ = {
			isa = PBXGroup;
			children = (
				B0860CC01FB2AEB200F556F4 /* Item.swift */,
				B009A9181FB40D110099D8F3 /* ItemStore.swift */,
			);
			path = Models;
			sourceTree = "<group>";
		};
/* End PBXGroup section */

/* Begin PBXNativeTarget section */
		B0860C8C1FB2ABBF00F556F4 /* Homepwner */ = {
			isa = PBXNativeTarget;
			buildConfigurationList = B0860CB51FB2ABBF00F556F4 /* Build configuration list for PBXNativeTarget "Homepwner" */;
			buildPhases = (
				B0860C891FB2ABBF00F556F4 /* Sources */,
				B0860C8A1FB2ABBF00F556F4 /* Frameworks */,
				B0860C8B1FB2ABBF00F556F4 /* Resources */,
			);
			buildRules = (
			);
			dependencies = (
			);
			name = Homepwner;
			productName = Homepwner;
			productReference = B0860C8D1FB2ABBF00F556F4 /* Homepwner.app */;
			productType = "com.apple.product-type.application";
		};
		B0860CA01FB2ABBF00F556F4 /* HomepwnerTests */ = {
			isa = PBXNativeTarget;
			buildConfigurationList = B0860CB81FB2ABBF00F556F4 /* Build configuration list for PBXNativeTarget "HomepwnerTests" */;
			buildPhases = (
				B0860C9D1FB2ABBF00F556F4 /* Sources */,
				B0860C9E1FB2ABBF00F556F4 /* Frameworks */,
				B0860C9F1FB2ABBF00F556F4 /* Resources */,
			);
			buildRules = (
			);
			dependencies = (
				B0860CA31FB2ABBF00F556F4 /* PBXTargetDependency */,
			);
			name = HomepwnerTests;
			productName = HomepwnerTests;
			productReference = B0860CA11FB2ABBF00F556F4 /* HomepwnerTests.xctest */;
			productType = "com.apple.product-type.bundle.unit-test";
		};
		B0860CAB1FB2ABBF00F556F4 /* HomepwnerUITests */ = {
			isa = PBXNativeTarget;
			buildConfigurationList = B0860CBB1FB2ABBF00F556F4 /* Build configuration list for PBXNativeTarget "HomepwnerUITests" */;
			buildPhases = (
				B0860CA81FB2ABBF00F556F4 /* Sources */,
				B0860CA91FB2ABBF00F556F4 /* Frameworks */,
				B0860CAA1FB2ABBF00F556F4 /* Resources */,
			);
			buildRules = (
			);
			dependencies = (
				B0860CAE1FB2ABBF00F556F4 /* PBXTargetDependency */,
			);
			name = HomepwnerUITests;
			productName = HomepwnerUITests;
			productReference = B0860CAC1FB2ABBF00F556F4 /* HomepwnerUITests.xctest */;
			productType = "com.apple.product-type.bundle.ui-testing";
		};
/* End PBXNativeTarget section */

/* Begin PBXProject section */
		B0860C851FB2ABBF00F556F4 /* Project object */ = {
			isa = PBXProject;
			attributes = {
				LastSwiftUpdateCheck = 0910;
				LastUpgradeCheck = 0910;
				ORGANIZATIONNAME = "Big Nerd Ranch";
				TargetAttributes = {
					B0860C8C1FB2ABBF00F556F4 = {
						CreatedOnToolsVersion = 9.1;
						ProvisioningStyle = Automatic;
					};
					B0860CA01FB2ABBF00F556F4 = {
						CreatedOnToolsVersion = 9.1;
						ProvisioningStyle = Automatic;
						TestTargetID = B0860C8C1FB2ABBF00F556F4;
					};
					B0860CAB1FB2ABBF00F556F4 = {
						CreatedOnToolsVersion = 9.1;
						ProvisioningStyle = Automatic;
						TestTargetID = B0860C8C1FB2ABBF00F556F4;
					};
				};
			};
			buildConfigurationList = B0860C881FB2ABBF00F556F4 /* Build configuration list for PBXProject "Homepwner" */;
			compatibilityVersion = "Xcode 8.0";
			developmentRegion = en;
			hasScannedForEncodings = 0;
			knownRegions = (
				en,
				Base,
			);
			mainGroup = B0860C841FB2ABBF00F556F4;
			productRefGroup = B0860C8E1FB2ABBF00F556F4 /* Products */;
			projectDirPath = "";
			projectRoot = "";
			targets = (
				B0860C8C1FB2ABBF00F556F4 /* Homepwner */,
				B0860CA01FB2ABBF00F556F4 /* HomepwnerTests */,
				B0860CAB1FB2ABBF00F556F4 /* HomepwnerUITests */,
			);
		};
/* End PBXProject section */

/* Begin PBXResourcesBuildPhase section */
		B0860C8B1FB2ABBF00F556F4 /* Resources */ = {
			isa = PBXResourcesBuildPhase;
			buildActionMask = 2147483647;
			files = (
				B0860C9B1FB2ABBF00F556F4 /* LaunchScreen.storyboard in Resources */,
				B0860C981FB2ABBF00F556F4 /* Assets.xcassets in Resources */,
				B0860C961FB2ABBF00F556F4 /* Main.storyboard in Resources */,
			);
			runOnlyForDeploymentPostprocessing = 0;
		};
		B0860C9F1FB2ABBF00F556F4 /* Resources */ = {
			isa = PBXResourcesBuildPhase;
			buildActionMask = 2147483647;
			files = (
			);
			runOnlyForDeploymentPostprocessing = 0;
		};
		B0860CAA1FB2ABBF00F556F4 /* Resources */ = {
			isa = PBXResourcesBuildPhase;
			buildActionMask = 2147483647;
			files = (
			);
			runOnlyForDeploymentPostprocessing = 0;
		};
/* End PBXResourcesBuildPhase section */

/* Begin PBXSourcesBuildPhase section */
		B0860C891FB2ABBF00F556F4 /* Sources */ = {
			isa = PBXSourcesBuildPhase;
			buildActionMask = 2147483647;
			files = (
				B0860CBF1FB2ADDF00F556F4 /* ItemsViewController.swift in Sources */,
				B0860CC11FB2AEB200F556F4 /* Item.swift in Sources */,
				B009A9191FB40D110099D8F3 /* ItemStore.swift in Sources */,
				B0B473601FDF63320085108C /* DetailViewController.swift in Sources */,
				B0860C911FB2ABBF00F556F4 /* AppDelegate.swift in Sources */,
				B064D1732001590000B05362 /* BorderedTextField.swift in Sources */,
				B0C6BB861FC6626800D33F50 /* ItemCell.swift in Sources */,
			);
			runOnlyForDeploymentPostprocessing = 0;
		};
		B0860C9D1FB2ABBF00F556F4 /* Sources */ = {
			isa = PBXSourcesBuildPhase;
			buildActionMask = 2147483647;
			files = (
				B0860CA61FB2ABBF00F556F4 /* HomepwnerTests.swift in Sources */,
			);
			runOnlyForDeploymentPostprocessing = 0;
		};
		B0860CA81FB2ABBF00F556F4 /* Sources */ = {
			isa = PBXSourcesBuildPhase;
			buildActionMask = 2147483647;
			files = (
				B0860CB11FB2ABBF00F556F4 /* HomepwnerUITests.swift in Sources */,
			);
			runOnlyForDeploymentPostprocessing = 0;
		};
/* End PBXSourcesBuildPhase section */

/* Begin PBXTargetDependency section */
		B0860CA31FB2ABBF00F556F4 /* PBXTargetDependency */ = {
			isa = PBXTargetDependency;
			target = B0860C8C1FB2ABBF00F556F4 /* Homepwner */;
			targetProxy = B0860CA21FB2ABBF00F556F4 /* PBXContainerItemProxy */;
		};
		B0860CAE1FB2ABBF00F556F4 /* PBXTargetDependency */ = {
			isa = PBXTargetDependency;
			target = B0860C8C1FB2ABBF00F556F4 /* Homepwner */;
			targetProxy = B0860CAD1FB2ABBF00F556F4 /* PBXContainerItemProxy */;
		};
/* End PBXTargetDependency section */

/* Begin PBXVariantGroup section */
		B0860C941FB2ABBF00F556F4 /* Main.storyboard */ = {
			isa = PBXVariantGroup;
			children = (
				B0860C951FB2ABBF00F556F4 /* Base */,
			);
			name = Main.storyboard;
			sourceTree = "<group>";
		};
		B0860C991FB2ABBF00F556F4 /* LaunchScreen.storyboard */ = {
			isa = PBXVariantGroup;
			children = (
				B0860C9A1FB2ABBF00F556F4 /* Base */,
			);
			name = LaunchScreen.storyboard;
			sourceTree = "<group>";
		};
/* End PBXVariantGroup section */

/* Begin XCBuildConfiguration section */
		B0860CB31FB2ABBF00F556F4 /* Debug */ = {
			isa = XCBuildConfiguration;
			buildSettings = {
				ALWAYS_SEARCH_USER_PATHS = NO;
				CLANG_ANALYZER_NONNULL = YES;
				CLANG_ANALYZER_NUMBER_OBJECT_CONVERSION = YES_AGGRESSIVE;
				CLANG_CXX_LANGUAGE_STANDARD = "gnu++14";
				CLANG_CXX_LIBRARY = "libc++";
				CLANG_ENABLE_MODULES = YES;
				CLANG_ENABLE_OBJC_ARC = YES;
				CLANG_WARN_BLOCK_CAPTURE_AUTORELEASING = YES;
				CLANG_WARN_BOOL_CONVERSION = YES;
				CLANG_WARN_COMMA = YES;
				CLANG_WARN_CONSTANT_CONVERSION = YES;
				CLANG_WARN_DIRECT_OBJC_ISA_USAGE = YES_ERROR;
				CLANG_WARN_DOCUMENTATION_COMMENTS = YES;
				CLANG_WARN_EMPTY_BODY = YES;
				CLANG_WARN_ENUM_CONVERSION = YES;
				CLANG_WARN_INFINITE_RECURSION = YES;
				CLANG_WARN_INT_CONVERSION = YES;
				CLANG_WARN_NON_LITERAL_NULL_CONVERSION = YES;
				CLANG_WARN_OBJC_LITERAL_CONVERSION = YES;
				CLANG_WARN_OBJC_ROOT_CLASS = YES_ERROR;
				CLANG_WARN_RANGE_LOOP_ANALYSIS = YES;
				CLANG_WARN_STRICT_PROTOTYPES = YES;
				CLANG_WARN_SUSPICIOUS_MOVE = YES;
				CLANG_WARN_UNGUARDED_AVAILABILITY = YES_AGGRESSIVE;
				CLANG_WARN_UNREACHABLE_CODE = YES;
				CLANG_WARN__DUPLICATE_METHOD_MATCH = YES;
				CODE_SIGN_IDENTITY = "iPhone Developer";
				COPY_PHASE_STRIP = NO;
				DEBUG_INFORMATION_FORMAT = dwarf;
				ENABLE_STRICT_OBJC_MSGSEND = YES;
				ENABLE_TESTABILITY = YES;
				GCC_C_LANGUAGE_STANDARD = gnu11;
				GCC_DYNAMIC_NO_PIC = NO;
				GCC_NO_COMMON_BLOCKS = YES;
				GCC_OPTIMIZATION_LEVEL = 0;
				GCC_PREPROCESSOR_DEFINITIONS = (
					"DEBUG=1",
					"$(inherited)",
				);
				GCC_WARN_64_TO_32_BIT_CONVERSION = YES;
				GCC_WARN_ABOUT_RETURN_TYPE = YES_ERROR;
				GCC_WARN_UNDECLARED_SELECTOR = YES;
				GCC_WARN_UNINITIALIZED_AUTOS = YES_AGGRESSIVE;
				GCC_WARN_UNUSED_FUNCTION = YES;
				GCC_WARN_UNUSED_VARIABLE = YES;
				IPHONEOS_DEPLOYMENT_TARGET = 11.1;
				MTL_ENABLE_DEBUG_INFO = YES;
				ONLY_ACTIVE_ARCH = YES;
				SDKROOT = iphoneos;
				SWIFT_ACTIVE_COMPILATION_CONDITIONS = DEBUG;
				SWIFT_OPTIMIZATION_LEVEL = "-Onone";
			};
			name = Debug;
		};
		B0860CB41FB2ABBF00F556F4 /* Release */ = {
			isa = XCBuildConfiguration;
			buildSettings = {
				ALWAYS_SEARCH_USER_PATHS = NO;
				CLANG_ANALYZER_NONNULL = YES;
				CLANG_ANALYZER_NUMBER_OBJECT_CONVERSION = YES_AGGRESSIVE;
				CLANG_CXX_LANGUAGE_STANDARD = "gnu++14";
				CLANG_CXX_LIBRARY = "libc++";
				CLANG_ENABLE_MODULES = YES;
				CLANG_ENABLE_OBJC_ARC = YES;
				CLANG_WARN_BLOCK_CAPTURE_AUTORELEASING = YES;
				CLANG_WARN_BOOL_CONVERSION = YES;
				CLANG_WARN_COMMA = YES;
				CLANG_WARN_CONSTANT_CONVERSION = YES;
				CLANG_WARN_DIRECT_OBJC_ISA_USAGE = YES_ERROR;
				CLANG_WARN_DOCUMENTATION_COMMENTS = YES;
				CLANG_WARN_EMPTY_BODY = YES;
				CLANG_WARN_ENUM_CONVERSION = YES;
				CLANG_WARN_INFINITE_RECURSION = YES;
				CLANG_WARN_INT_CONVERSION = YES;
				CLANG_WARN_NON_LITERAL_NULL_CONVERSION = YES;
				CLANG_WARN_OBJC_LITERAL_CONVERSION = YES;
				CLANG_WARN_OBJC_ROOT_CLASS = YES_ERROR;
				CLANG_WARN_RANGE_LOOP_ANALYSIS = YES;
				CLANG_WARN_STRICT_PROTOTYPES = YES;
				CLANG_WARN_SUSPICIOUS_MOVE = YES;
				CLANG_WARN_UNGUARDED_AVAILABILITY = YES_AGGRESSIVE;
				CLANG_WARN_UNREACHABLE_CODE = YES;
				CLANG_WARN__DUPLICATE_METHOD_MATCH = YES;
				CODE_SIGN_IDENTITY = "iPhone Developer";
				COPY_PHASE_STRIP = NO;
				DEBUG_INFORMATION_FORMAT = "dwarf-with-dsym";
				ENABLE_NS_ASSERTIONS = NO;
				ENABLE_STRICT_OBJC_MSGSEND = YES;
				GCC_C_LANGUAGE_STANDARD = gnu11;
				GCC_NO_COMMON_BLOCKS = YES;
				GCC_WARN_64_TO_32_BIT_CONVERSION = YES;
				GCC_WARN_ABOUT_RETURN_TYPE = YES_ERROR;
				GCC_WARN_UNDECLARED_SELECTOR = YES;
				GCC_WARN_UNINITIALIZED_AUTOS = YES_AGGRESSIVE;
				GCC_WARN_UNUSED_FUNCTION = YES;
				GCC_WARN_UNUSED_VARIABLE = YES;
				IPHONEOS_DEPLOYMENT_TARGET = 11.1;
				MTL_ENABLE_DEBUG_INFO = NO;
				SDKROOT = iphoneos;
				SWIFT_OPTIMIZATION_LEVEL = "-Owholemodule";
				VALIDATE_PRODUCT = YES;
			};
			name = Release;
		};
		B0860CB61FB2ABBF00F556F4 /* Debug */ = {
			isa = XCBuildConfiguration;
			buildSettings = {
				ASSETCATALOG_COMPILER_APPICON_NAME = AppIcon;
				CODE_SIGN_STYLE = Automatic;
				DEVELOPMENT_TEAM = "";
				INFOPLIST_FILE = Homepwner/Info.plist;
				LD_RUNPATH_SEARCH_PATHS = "$(inherited) @executable_path/Frameworks";
				PRODUCT_BUNDLE_IDENTIFIER = com.bignerdranch.Homepwner;
				PRODUCT_NAME = "$(TARGET_NAME)";
				SWIFT_VERSION = 4.0;
				TARGETED_DEVICE_FAMILY = "1,2";
			};
			name = Debug;
		};
		B0860CB71FB2ABBF00F556F4 /* Release */ = {
			isa = XCBuildConfiguration;
			buildSettings = {
				ASSETCATALOG_COMPILER_APPICON_NAME = AppIcon;
				CODE_SIGN_STYLE = Automatic;
				DEVELOPMENT_TEAM = "";
				INFOPLIST_FILE = Homepwner/Info.plist;
				LD_RUNPATH_SEARCH_PATHS = "$(inherited) @executable_path/Frameworks";
				PRODUCT_BUNDLE_IDENTIFIER = com.bignerdranch.Homepwner;
				PRODUCT_NAME = "$(TARGET_NAME)";
				SWIFT_VERSION = 4.0;
				TARGETED_DEVICE_FAMILY = "1,2";
			};
			name = Release;
		};
		B0860CB91FB2ABBF00F556F4 /* Debug */ = {
			isa = XCBuildConfiguration;
			buildSettings = {
				ALWAYS_EMBED_SWIFT_STANDARD_LIBRARIES = YES;
				BUNDLE_LOADER = "$(TEST_HOST)";
				CODE_SIGN_STYLE = Automatic;
				INFOPLIST_FILE = HomepwnerTests/Info.plist;
				LD_RUNPATH_SEARCH_PATHS = "$(inherited) @executable_path/Frameworks @loader_path/Frameworks";
				PRODUCT_BUNDLE_IDENTIFIER = com.bignerdranch.HomepwnerTests;
				PRODUCT_NAME = "$(TARGET_NAME)";
				SWIFT_VERSION = 4.0;
				TARGETED_DEVICE_FAMILY = "1,2";
				TEST_HOST = "$(BUILT_PRODUCTS_DIR)/Homepwner.app/Homepwner";
			};
			name = Debug;
		};
		B0860CBA1FB2ABBF00F556F4 /* Release */ = {
			isa = XCBuildConfiguration;
			buildSettings = {
				ALWAYS_EMBED_SWIFT_STANDARD_LIBRARIES = YES;
				BUNDLE_LOADER = "$(TEST_HOST)";
				CODE_SIGN_STYLE = Automatic;
				INFOPLIST_FILE = HomepwnerTests/Info.plist;
				LD_RUNPATH_SEARCH_PATHS = "$(inherited) @executable_path/Frameworks @loader_path/Frameworks";
				PRODUCT_BUNDLE_IDENTIFIER = com.bignerdranch.HomepwnerTests;
				PRODUCT_NAME = "$(TARGET_NAME)";
				SWIFT_VERSION = 4.0;
				TARGETED_DEVICE_FAMILY = "1,2";
				TEST_HOST = "$(BUILT_PRODUCTS_DIR)/Homepwner.app/Homepwner";
			};
			name = Release;
		};
		B0860CBC1FB2ABBF00F556F4 /* Debug */ = {
			isa = XCBuildConfiguration;
			buildSettings = {
				ALWAYS_EMBED_SWIFT_STANDARD_LIBRARIES = YES;
				CODE_SIGN_STYLE = Automatic;
				INFOPLIST_FILE = HomepwnerUITests/Info.plist;
				LD_RUNPATH_SEARCH_PATHS = "$(inherited) @executable_path/Frameworks @loader_path/Frameworks";
				PRODUCT_BUNDLE_IDENTIFIER = com.bignerdranch.HomepwnerUITests;
				PRODUCT_NAME = "$(TARGET_NAME)";
				SWIFT_VERSION = 4.0;
				TARGETED_DEVICE_FAMILY = "1,2";
				TEST_TARGET_NAME = Homepwner;
			};
			name = Debug;
		};
		B0860CBD1FB2ABBF00F556F4 /* Release */ = {
			isa = XCBuildConfiguration;
			buildSettings = {
				ALWAYS_EMBED_SWIFT_STANDARD_LIBRARIES = YES;
				CODE_SIGN_STYLE = Automatic;
				INFOPLIST_FILE = HomepwnerUITests/Info.plist;
				LD_RUNPATH_SEARCH_PATHS = "$(inherited) @executable_path/Frameworks @loader_path/Frameworks";
				PRODUCT_BUNDLE_IDENTIFIER = com.bignerdranch.HomepwnerUITests;
				PRODUCT_NAME = "$(TARGET_NAME)";
				SWIFT_VERSION = 4.0;
				TARGETED_DEVICE_FAMILY = "1,2";
				TEST_TARGET_NAME = Homepwner;
			};
			name = Release;
		};
/* End XCBuildConfiguration section */

/* Begin XCConfigurationList section */
		B0860C881FB2ABBF00F556F4 /* Build configuration list for PBXProject "Homepwner" */ = {
			isa = XCConfigurationList;
			buildConfigurations = (
				B0860CB31FB2ABBF00F556F4 /* Debug */,
				B0860CB41FB2ABBF00F556F4 /* Release */,
			);
			defaultConfigurationIsVisible = 0;
			defaultConfigurationName = Release;
		};
		B0860CB51FB2ABBF00F556F4 /* Build configuration list for PBXNativeTarget "Homepwner" */ = {
			isa = XCConfigurationList;
			buildConfigurations = (
				B0860CB61FB2ABBF00F556F4 /* Debug */,
				B0860CB71FB2ABBF00F556F4 /* Release */,
			);
			defaultConfigurationIsVisible = 0;
			defaultConfigurationName = Release;
		};
		B0860CB81FB2ABBF00F556F4 /* Build configuration list for PBXNativeTarget "HomepwnerTests" */ = {
			isa = XCConfigurationList;
			buildConfigurations = (
				B0860CB91FB2ABBF00F556F4 /* Debug */,
				B0860CBA1FB2ABBF00F556F4 /* Release */,
			);
			defaultConfigurationIsVisible = 0;
			defaultConfigurationName = Release;
		};
		B0860CBB1FB2ABBF00F556F4 /* Build configuration list for PBXNativeTarget "HomepwnerUITests" */ = {
			isa = XCConfigurationList;
			buildConfigurations = (
				B0860CBC1FB2ABBF00F556F4 /* Debug */,
				B0860CBD1FB2ABBF00F556F4 /* Release */,
			);
			defaultConfigurationIsVisible = 0;
			defaultConfigurationName = Release;
		};
/* End XCConfigurationList section */
	};
	rootObject = B0860C851FB2ABBF00F556F4 /* Project object */;
}
